
Microsoft Visual Studio Solution File, Format Version 12.00
# Visual Studio Version 17
VisualStudioVersion = 17.14.36616.10
MinimumVisualStudioVersion = 10.0.40219.1
Project("{FAE04EC0-301F-11D3-BF4B-00C04F79EFBC}") = "App.UI", "App.UI\App.UI.csproj", "{A3461409-6D49-4BBE-B378-4E8A573E7BE2}"
EndProject
Project("{FAE04EC0-301F-11D3-BF4B-00C04F79EFBC}") = "App.Vmd", "App.Vmd\App.Vmd.csproj", "{EAB826CF-7C60-4276-B8C5-4A812B25AD32}"
EndProject
Project("{FAE04EC0-301F-11D3-BF4B-00C04F79EFBC}") = "App.Core", "App.Core\App.Core.csproj", "{BBAF0A29-AE16-599A-7BCD-C5CC0FD4A039}"
EndProject
Global
	GlobalSection(SolutionConfigurationPlatforms) = preSolution
		Debug|x64 = Debug|x64
		Release|x64 = Release|x64
	EndGlobalSection
	GlobalSection(ProjectConfigurationPlatforms) = postSolution
		{A3461409-6D49-4BBE-B378-4E8A573E7BE2}.Debug|x64.ActiveCfg = Debug|x64
		{A3461409-6D49-4BBE-B378-4E8A573E7BE2}.Debug|x64.Build.0 = Debug|x64
		{A3461409-6D49-4BBE-B378-4E8A573E7BE2}.Debug|x64.Deploy.0 = Debug|x64
		{A3461409-6D49-4BBE-B378-4E8A573E7BE2}.Release|x64.ActiveCfg = Release|x64
		{A3461409-6D49-4BBE-B378-4E8A573E7BE2}.Release|x64.Build.0 = Release|x64
		{A3461409-6D49-4BBE-B378-4E8A573E7BE2}.Release|x64.Deploy.0 = Release|x64
		{EAB826CF-7C60-4276-B8C5-4A812B25AD32}.Debug|x64.ActiveCfg = Debug|x64
		{EAB826CF-7C60-4276-B8C5-4A812B25AD32}.Debug|x64.Build.0 = Debug|x64
		{EAB826CF-7C60-4276-B8C5-4A812B25AD32}.Debug|x64.Deploy.0 = Debug|x64
		{EAB826CF-7C60-4276-B8C5-4A812B25AD32}.Release|x64.ActiveCfg = Release|x64
		{EAB826CF-7C60-4276-B8C5-4A812B25AD32}.Release|x64.Build.0 = Release|x64
		{EAB826CF-7C60-4276-B8C5-4A812B25AD32}.Release|x64.Deploy.0 = Release|x64
		{BBAF0A29-AE16-599A-7BCD-C5CC0FD4A039}.Debug|x64.ActiveCfg = Debug|x64
		{BBAF0A29-AE16-599A-7BCD-C5CC0FD4A039}.Debug|x64.Build.0 = Debug|x64
		{BBAF0A29-AE16-599A-7BCD-C5CC0FD4A039}.Release|x64.ActiveCfg = Release|x64
		{BBAF0A29-AE16-599A-7BCD-C5CC0FD4A039}.Release|x64.Build.0 = Release|x64
	EndGlobalSection
	GlobalSection(SolutionProperties) = preSolution
		HideSolutionNode = FALSE
	EndGlobalSection
	GlobalSection(ExtensibilityGlobals) = postSolution
		SolutionGuid = {1EB4F4F0-2CFB-4652-844B-74D6FFB407D3}
	EndGlobalSection
EndGlobal
